Microsoft Visual Studio Solution File, Format Version 11.00
# Visual Studio 2010
Project("{FAE04EC0-301F-11D3-BF4B-00C04F79EFBC}") = "OpenLife", "OpenLife\Region\Application\OpenLife.csproj", "{D7AD8558-0000-0000-0000-000000000000}"
EndProject
Project("{FAE04EC0-301F-11D3-BF4B-00C04F79EFBC}") = "OpenLife.Addons.Groups", "OpenLife\Addons\Groups\OpenLife.Addons.Groups.csproj", "{DD2CA8C9-0000-0000-0000-000000000000}"
EndProject
Project("{FAE04EC0-301F-11D3-BF4B-00C04F79EFBC}") = "OpenLife.Addons.OfflineIM", "OpenLife\Addons\OfflineIM\OpenLife.Addons.OfflineIM.csproj", "{4FB40E36-0000-0000-0000-000000000000}"
EndProject
Project("{FAE04EC0-301F-11D3-BF4B-00C04F79EFBC}") = "OpenLife.ApplicationPlugins.LoadRegions", "OpenLife\ApplicationPlugins\LoadRegions\OpenLife.ApplicationPlugins.LoadRegions.csproj", "{D495D60B-0000-0000-0000-000000000000}"
EndProject
Project("{FAE04EC0-301F-11D3-BF4B-00C04F79EFBC}") = "OpenLife.ApplicationPlugins.RegionModulesController", "OpenLife\ApplicationPlugins\RegionModulesController\OpenLife.ApplicationPlugins.RegionModulesController.csproj", "{148C5A43-0000-0000-0000-000000000000}"
EndProject
Project("{FAE04EC0-301F-11D3-BF4B-00C04F79EFBC}") = "OpenLife.ApplicationPlugins.RemoteController", "OpenLife\ApplicationPlugins\RemoteController\OpenLife.ApplicationPlugins.RemoteController.csproj", "{4C8E48D0-0000-0000-0000-000000000000}"
EndProject
Project("{FAE04EC0-301F-11D3-BF4B-00C04F79EFBC}") = "OpenLife.Capabilities", "OpenLife\Capabilities\OpenLife.Capabilities.csproj", "{BEB730D8-0000-0000-0000-000000000000}"
EndProject
Project("{FAE04EC0-301F-11D3-BF4B-00C04F79EFBC}") = "OpenLife.Capabilities.Handlers", "OpenLife\Capabilities\Handlers\OpenLife.Capabilities.Handlers.csproj", "{D11EEEE7-0000-0000-0000-000000000000}"
EndProject
Project("{FAE04EC0-301F-11D3-BF4B-00C04F79EFBC}") = "OpenLife.Capabilities.Handlers.Tests", "OpenLife\Capabilities\Handlers\OpenLife.Capabilities.Handlers.Tests.csproj", "{456BA930-0000-0000-0000-000000000000}"
EndProject
Project("{FAE04EC0-301F-11D3-BF4B-00C04F79EFBC}") = "OpenLife.ConsoleClient", "OpenLife\ConsoleClient\OpenLife.ConsoleClient.csproj", "{1392DA80-0000-0000-0000-000000000000}"
EndProject
Project("{FAE04EC0-301F-11D3-BF4B-00C04F79EFBC}") = "OpenLife.Data", "OpenLife\Data\OpenLife.Data.csproj", "{2E76BA0E-0000-0000-0000-000000000000}"
EndProject
Project("{FAE04EC0-301F-11D3-BF4B-00C04F79EFBC}") = "OpenLife.Data.MySQL", "OpenLife\Data\MySQL\OpenLife.Data.MySQL.csproj", "{78BF9C7E-0000-0000-0000-000000000000}"
EndProject
Project("{FAE04EC0-301F-11D3-BF4B-00C04F79EFBC}") = "OpenLife.Data.Null", "OpenLife\Data\Null\OpenLife.Data.Null.csproj", "{0CC98519-0000-0000-0000-000000000000}"
EndProject
Project("{FAE04EC0-301F-11D3-BF4B-00C04F79EFBC}") = "OpenLife.Data.PGSQL", "OpenLife\Data\PGSQL\OpenLife.Data.PGSQL.csproj", "{CC82319F-0000-0000-0000-000000000000}"
EndProject
Project("{FAE04EC0-301F-11D3-BF4B-00C04F79EFBC}") = "OpenLife.Data.SQLite", "OpenLife\Data\SQLite\OpenLife.Data.SQLite.csproj", "{D7249BA4-0000-0000-0000-000000000000}"
EndProject
Project("{FAE04EC0-301F-11D3-BF4B-00C04F79EFBC}") = "OpenLife.Data.Tests", "OpenLife\Data\Tests\OpenLife.Data.Tests.csproj", "{DA805737-0000-0000-0000-000000000000}"
EndProject
Project("{FAE04EC0-301F-11D3-BF4B-00C04F79EFBC}") = "OpenLife.Framework", "OpenLife\Framework\OpenLife.Framework.csproj", "{40276D46-0000-0000-0000-000000000000}"
EndProject
Project("{FAE04EC0-301F-11D3-BF4B-00C04F79EFBC}") = "OpenLife.Framework.AssetLoader.Filesystem", "OpenLife\Framework\AssetLoader\Filesystem\OpenLife.Framework.AssetLoader.Filesystem.csproj", "{183C8B88-0000-0000-0000-000000000000}"
EndProject
Project("{FAE04EC0-301F-11D3-BF4B-00C04F79EFBC}") = "OpenLife.Framework.Console", "OpenLife\Framework\Console\OpenLife.Framework.Console.csproj", "{CFFBB83D-0000-0000-0000-000000000000}"
EndProject
Project("{FAE04EC0-301F-11D3-BF4B-00C04F79EFBC}") = "OpenLife.Framework.Monitoring", "OpenLife\Framework\Monitoring\OpenLife.Framework.Monitoring.csproj", "{3E3C397A-0000-0000-0000-000000000000}"
EndProject
Project("{FAE04EC0-301F-11D3-BF4B-00C04F79EFBC}") = "OpenLife.Framework.Serialization", "OpenLife\Framework\Serialization\OpenLife.Framework.Serialization.csproj", "{575E5CF4-0000-0000-0000-000000000000}"
EndProject
Project("{FAE04EC0-301F-11D3-BF4B-00C04F79EFBC}") = "OpenLife.Framework.Serialization.Tests", "OpenLife\Framework\Serialization\Tests\OpenLife.Framework.Serialization.Tests.csproj", "{237E2413-0000-0000-0000-000000000000}"
EndProject
Project("{FAE04EC0-301F-11D3-BF4B-00C04F79EFBC}") = "OpenLife.Framework.Servers", "OpenLife\Framework\Servers\OpenLife.Framework.Servers.csproj", "{0BF6765C-0000-0000-0000-000000000000}"
EndProject
Project("{FAE04EC0-301F-11D3-BF4B-00C04F79EFBC}") = "OpenLife.Framework.Servers.HttpServer", "OpenLife\Framework\Servers\HttpServer\OpenLife.Framework.Servers.HttpServer.csproj", "{79866A2B-0000-0000-0000-000000000000}"
EndProject
Project("{FAE04EC0-301F-11D3-BF4B-00C04F79EFBC}") = "OpenLife.Framework.Servers.Tests", "OpenLife\Framework\Servers\Tests\OpenLife.Framework.Servers.Tests.csproj", "{6F29BEDB-0000-0000-0000-000000000000}"
EndProject
Project("{FAE04EC0-301F-11D3-BF4B-00C04F79EFBC}") = "OpenLife.Framework.Tests", "OpenLife\Framework\Tests\OpenLife.Framework.Tests.csproj", "{BE3D85E7-0000-0000-0000-000000000000}"
EndProject
Project("{FAE04EC0-301F-11D3-BF4B-00C04F79EFBC}") = "OpenLife.Region.ClientStack.LindenCaps", "OpenLife\Region\ClientStack\Linden\Caps\OpenLife.Region.ClientStack.LindenCaps.csproj", "{1BAEC28E-0000-0000-0000-000000000000}"
EndProject
Project("{FAE04EC0-301F-11D3-BF4B-00C04F79EFBC}") = "OpenLife.Region.ClientStack.LindenCaps.Tests", "OpenLife\Region\ClientStack\Linden\Caps\OpenLife.Region.ClientStack.LindenCaps.Tests.csproj", "{7D865969-0000-0000-0000-000000000000}"
EndProject
Project("{FAE04EC0-301F-11D3-BF4B-00C04F79EFBC}") = "OpenLife.Region.ClientStack.LindenUDP", "OpenLife\Region\ClientStack\Linden\UDP\OpenLife.Region.ClientStack.LindenUDP.csproj", "{4452A336-0000-0000-0000-000000000000}"
EndProject
Project("{FAE04EC0-301F-11D3-BF4B-00C04F79EFBC}") = "OpenLife.Region.ClientStack.LindenUDP.Tests", "OpenLife\Region\ClientStack\Linden\UDP\Tests\OpenLife.Region.ClientStack.LindenUDP.Tests.csproj", "{01A8517D-0000-0000-0000-000000000000}"
EndProject
Project("{FAE04EC0-301F-11D3-BF4B-00C04F79EFBC}") = "OpenLife.Region.CoreModules", "OpenLife\Region\CoreModules\OpenLife.Region.CoreModules.csproj", "{888067DC-0000-0000-0000-000000000000}"
EndProject
Project("{FAE04EC0-301F-11D3-BF4B-00C04F79EFBC}") = "OpenLife.Region.CoreModules.Tests", "OpenLife\Region\CoreModules\OpenLife.Region.CoreModules.Tests.csproj", "{6FC010E7-0000-0000-0000-000000000000}"
EndProject
Project("{FAE04EC0-301F-11D3-BF4B-00C04F79EFBC}") = "OpenLife.Region.Framework", "OpenLife\Region\Framework\OpenLife.Region.Framework.csproj", "{0295918C-0000-0000-0000-000000000000}"
EndProject
Project("{FAE04EC0-301F-11D3-BF4B-00C04F79EFBC}") = "OpenLife.Region.Framework.Tests", "OpenLife\Region\Framework\OpenLife.Region.Framework.Tests.csproj", "{6A0DAA39-0000-0000-0000-000000000000}"
EndProject
Project("{FAE04EC0-301F-11D3-BF4B-00C04F79EFBC}") = "OpenLife.Region.OptionalModules", "OpenLife\Region\OptionalModules\OpenLife.Region.OptionalModules.csproj", "{CF789A4D-0000-0000-0000-000000000000}"
EndProject
Project("{FAE04EC0-301F-11D3-BF4B-00C04F79EFBC}") = "OpenLife.Region.OptionalModules.Tests", "OpenLife\Region\OptionalModules\OpenLife.Region.OptionalModules.Tests.csproj", "{1171FC56-0000-0000-0000-000000000000}"
EndProject
Project("{FAE04EC0-301F-11D3-BF4B-00C04F79EFBC}") = "OpenLife.Region.PhysicsModule.BasicPhysics", "OpenLife\Region\PhysicsModules\BasicPhysics\OpenLife.Region.PhysicsModule.BasicPhysics.csproj", "{2DA69F26-0000-0000-0000-000000000000}"
EndProject
Project("{FAE04EC0-301F-11D3-BF4B-00C04F79EFBC}") = "OpenLife.Region.PhysicsModule.BulletS", "OpenLife\Region\PhysicsModules\BulletS\OpenLife.Region.PhysicsModule.BulletS.csproj", "{4B11A58E-0000-0000-0000-000000000000}"
EndProject
Project("{FAE04EC0-301F-11D3-BF4B-00C04F79EFBC}") = "OpenLife.Region.PhysicsModule.BulletS.Tests", "OpenLife\Region\PhysicsModules\BulletS\Tests\OpenLife.Region.PhysicsModule.BulletS.Tests.csproj", "{B49F2F73-0000-0000-0000-000000000000}"
EndProject
Project("{FAE04EC0-301F-11D3-BF4B-00C04F79EFBC}") = "OpenLife.Region.PhysicsModule.Meshing", "OpenLife\Region\PhysicsModules\Meshing\OpenLife.Region.PhysicsModule.Meshing.csproj", "{D6E85B54-0000-0000-0000-000000000000}"
EndProject
Project("{FAE04EC0-301F-11D3-BF4B-00C04F79EFBC}") = "OpenLife.Region.PhysicsModule.Ode", "OpenLife\Region\PhysicsModules\Ode\OpenLife.Region.PhysicsModule.Ode.csproj", "{EBFC2C53-0000-0000-0000-000000000000}"
EndProject
Project("{FAE04EC0-301F-11D3-BF4B-00C04F79EFBC}") = "OpenLife.Region.PhysicsModule.Ode.Tests", "OpenLife\Region\PhysicsModules\Ode\Tests\OpenLife.Region.PhysicsModule.Ode.Tests.csproj", "{F2BE6512-0000-0000-0000-000000000000}"
EndProject
Project("{FAE04EC0-301F-11D3-BF4B-00C04F79EFBC}") = "OpenLife.Region.PhysicsModule.POS", "OpenLife\Region\PhysicsModules\POS\OpenLife.Region.PhysicsModule.POS.csproj", "{43B8BE81-0000-0000-0000-000000000000}"
EndProject
Project("{FAE04EC0-301F-11D3-BF4B-00C04F79EFBC}") = "OpenLife.Region.PhysicsModule.ubOde", "OpenLife\Region\PhysicsModules\ubOde\OpenLife.Region.PhysicsModule.ubOde.csproj", "{CEDB3448-0000-0000-0000-000000000000}"
EndProject
Project("{FAE04EC0-301F-11D3-BF4B-00C04F79EFBC}") = "OpenLife.Region.PhysicsModule.ubOdeMeshing", "OpenLife\Region\PhysicsModules\ubOdeMeshing\OpenLife.Region.PhysicsModule.ubOdeMeshing.csproj", "{F5E47CF7-0000-0000-0000-000000000000}"
EndProject
Project("{FAE04EC0-301F-11D3-BF4B-00C04F79EFBC}") = "OpenLife.Region.PhysicsModules.ConvexDecompositionDotNet", "OpenLife\Region\PhysicsModules\ConvexDecompositionDotNet\OpenLife.Region.PhysicsModules.ConvexDecompositionDotNet.csproj", "{04CDEFF4-0000-0000-0000-000000000000}"
EndProject
Project("{FAE04EC0-301F-11D3-BF4B-00C04F79EFBC}") = "OpenLife.Region.PhysicsModules.SharedBase", "OpenLife\Region\PhysicsModules\SharedBase\OpenLife.Region.PhysicsModules.SharedBase.csproj", "{F7CC1A68-0000-0000-0000-000000000000}"
EndProject
Project("{FAE04EC0-301F-11D3-BF4B-00C04F79EFBC}") = "OpenLife.Region.ScriptEngine.Shared", "OpenLife\Region\ScriptEngine\Shared\OpenLife.Region.ScriptEngine.Shared.csproj", "{10F7018C-0000-0000-0000-000000000000}"
EndProject
Project("{FAE04EC0-301F-11D3-BF4B-00C04F79EFBC}") = "OpenLife.Region.ScriptEngine.Shared.Api", "OpenLife\Region\ScriptEngine\Shared\Api\Implementation\OpenLife.Region.ScriptEngine.Shared.Api.csproj", "{E367A81A-0000-0000-0000-000000000000}"
EndProject
Project("{FAE04EC0-301F-11D3-BF4B-00C04F79EFBC}") = "OpenLife.Region.ScriptEngine.Shared.Api.Runtime", "OpenLife\Region\ScriptEngine\Shared\Api\Runtime\OpenLife.Region.ScriptEngine.Shared.Api.Runtime.csproj", "{49D79DA0-0000-0000-0000-000000000000}"
EndProject
Project("{FAE04EC0-301F-11D3-BF4B-00C04F79EFBC}") = "OpenLife.Region.ScriptEngine.Shared.CodeTools", "OpenLife\Region\ScriptEngine\Shared\CodeTools\OpenLife.Region.ScriptEngine.Shared.CodeTools.csproj", "{DA45A8B6-0000-0000-0000-000000000000}"
EndProject
Project("{FAE04EC0-301F-11D3-BF4B-00C04F79EFBC}") = "OpenLife.Region.ScriptEngine.Shared.Instance", "OpenLife\Region\ScriptEngine\Shared\Instance\OpenLife.Region.ScriptEngine.Shared.Instance.csproj", "{5C309ECF-0000-0000-0000-000000000000}"
EndProject
Project("{FAE04EC0-301F-11D3-BF4B-00C04F79EFBC}") = "OpenLife.Region.ScriptEngine.Tests", "OpenLife\Region\ScriptEngine\OpenLife.Region.ScriptEngine.Tests.csproj", "{293E8002-0000-0000-0000-000000000000}"
EndProject
Project("{FAE04EC0-301F-11D3-BF4B-00C04F79EFBC}") = "OpenLife.Region.ScriptEngine.XEngine", "OpenLife\Region\ScriptEngine\XEngine\OpenLife.Region.ScriptEngine.XEngine.csproj", "{667F48EF-0000-0000-0000-000000000000}"
EndProject
Project("{FAE04EC0-301F-11D3-BF4B-00C04F79EFBC}") = "OpenLife.Region.ScriptEngine.XEngine.Api.Runtime", "OpenLife\Region\ScriptEngine\XEngine\Api\Runtime\OpenLife.Region.ScriptEngine.XEngine.Api.Runtime.csproj", "{CAA22B1B-0000-0000-0000-000000000000}"
EndProject
Project("{FAE04EC0-301F-11D3-BF4B-00C04F79EFBC}") = "OpenLife.Server.Base", "OpenLife\Server\Base\OpenLife.Server.Base.csproj", "{0898FD58-0000-0000-0000-000000000000}"
EndProject
Project("{FAE04EC0-301F-11D3-BF4B-00C04F79EFBC}") = "OpenLife.Server.Handlers", "OpenLife\Server\Handlers\OpenLife.Server.Handlers.csproj", "{B2597D18-0000-0000-0000-000000000000}"
EndProject
Project("{FAE04EC0-301F-11D3-BF4B-00C04F79EFBC}") = "OpenLife.Server.Handlers.Tests", "OpenLife\Server\Handlers\OpenLife.Server.Handlers.Tests.csproj", "{BF451E2F-0000-0000-0000-000000000000}"
EndProject
Project("{FAE04EC0-301F-11D3-BF4B-00C04F79EFBC}") = "OpenLife.Services.AssetService", "OpenLife\Services\AssetService\OpenLife.Services.AssetService.csproj", "{5244DC09-0000-0000-0000-000000000000}"
EndProject
Project("{FAE04EC0-301F-11D3-BF4B-00C04F79EFBC}") = "OpenLife.Services.AuthenticationService", "OpenLife\Services\AuthenticationService\OpenLife.Services.AuthenticationService.csproj", "{9C4EE971-0000-0000-0000-000000000000}"
EndProject
Project("{FAE04EC0-301F-11D3-BF4B-00C04F79EFBC}") = "OpenLife.Services.AuthorizationService", "OpenLife\Services\AuthorizationService\OpenLife.Services.AuthorizationService.csproj", "{DEE55160-0000-0000-0000-000000000000}"
EndProject
Project("{FAE04EC0-301F-11D3-BF4B-00C04F79EFBC}") = "OpenLife.Services.AvatarService", "OpenLife\Services\AvatarService\OpenLife.Services.AvatarService.csproj", "{AD4C6DA8-0000-0000-0000-000000000000}"
EndProject
Project("{FAE04EC0-301F-11D3-BF4B-00C04F79EFBC}") = "OpenLife.Services.Base", "OpenLife\Services\Base\OpenLife.Services.Base.csproj", "{482CA269-0000-0000-0000-000000000000}"
EndProject
Project("{FAE04EC0-301F-11D3-BF4B-00C04F79EFBC}") = "OpenLife.Services.Connectors", "OpenLife\Services\Connectors\OpenLife.Services.Connectors.csproj", "{FE5080F8-0000-0000-0000-000000000000}"
EndProject
Project("{FAE04EC0-301F-11D3-BF4B-00C04F79EFBC}") = "OpenLife.Services.EstateService", "OpenLife\Services\EstateService\OpenLife.Services.EstateService.csproj", "{018901DF-0000-0000-0000-000000000000}"
EndProject
Project("{FAE04EC0-301F-11D3-BF4B-00C04F79EFBC}") = "OpenLife.Services.FreeswitchService", "OpenLife\Services\FreeswitchService\OpenLife.Services.FreeswitchService.csproj", "{CE694F97-0000-0000-0000-000000000000}"
EndProject
Project("{FAE04EC0-301F-11D3-BF4B-00C04F79EFBC}") = "OpenLife.Services.FriendsService", "OpenLife\Services\Friends\OpenLife.Services.FriendsService.csproj", "{3B88D61C-0000-0000-0000-000000000000}"
EndProject
Project("{FAE04EC0-301F-11D3-BF4B-00C04F79EFBC}") = "OpenLife.Services.FSAssetService", "OpenLife\Services\FSAssetService\OpenLife.Services.FSAssetService.csproj", "{972ADD24-0000-0000-0000-000000000000}"
EndProject
Project("{FAE04EC0-301F-11D3-BF4B-00C04F79EFBC}") = "OpenLife.Services.GridService", "OpenLife\Services\GridService\OpenLife.Services.GridService.csproj", "{86EE8E25-0000-0000-0000-000000000000}"
EndProject
Project("{FAE04EC0-301F-11D3-BF4B-00C04F79EFBC}") = "OpenLife.Services.HypergridService", "OpenLife\Services\HypergridService\OpenLife.Services.HypergridService.csproj", "{7390165B-0000-0000-0000-000000000000}"
EndProject
Project("{FAE04EC0-301F-11D3-BF4B-00C04F79EFBC}") = "OpenLife.Services.Interfaces", "OpenLife\Services\Interfaces\OpenLife.Services.Interfaces.csproj", "{F3BB9750-0000-0000-0000-000000000000}"
EndProject
Project("{FAE04EC0-301F-11D3-BF4B-00C04F79EFBC}") = "OpenLife.Services.InventoryService", "OpenLife\Services\InventoryService\OpenLife.Services.InventoryService.csproj", "{C993F743-0000-0000-0000-000000000000}"
EndProject
Project("{FAE04EC0-301F-11D3-BF4B-00C04F79EFBC}") = "OpenLife.Services.InventoryService.Tests", "OpenLife\Services\InventoryService\Tests\OpenLife.Services.InventoryService.Tests.csproj", "{AB93A680-0000-0000-0000-000000000000}"
EndProject
Project("{FAE04EC0-301F-11D3-BF4B-00C04F79EFBC}") = "OpenLife.Services.LLLoginService", "OpenLife\Services\LLLoginService\OpenLife.Services.LLLoginService.csproj", "{031253F0-0000-0000-0000-000000000000}"
EndProject
Project("{FAE04EC0-301F-11D3-BF4B-00C04F79EFBC}") = "OpenLife.Services.MapImageService", "OpenLife\Services\MapImageService\OpenLife.Services.MapImageService.csproj", "{70A4AC3A-0000-0000-0000-000000000000}"
EndProject
Project("{FAE04EC0-301F-11D3-BF4B-00C04F79EFBC}") = "OpenLife.Services.PresenceService", "OpenLife\Services\PresenceService\OpenLife.Services.PresenceService.csproj", "{D95B809C-0000-0000-0000-000000000000}"
EndProject
Project("{FAE04EC0-301F-11D3-BF4B-00C04F79EFBC}") = "OpenLife.Services.SimulationService", "OpenLife\Services\SimulationService\OpenLife.Services.SimulationService.csproj", "{7ED00BA2-0000-0000-0000-000000000000}"
EndProject
Project("{FAE04EC0-301F-11D3-BF4B-00C04F79EFBC}") = "OpenLife.Services.UserAccountService", "OpenLife\Services\UserAccountService\OpenLife.Services.UserAccountService.csproj", "{118B4C4D-0000-0000-0000-000000000000}"
EndProject
Project("{FAE04EC0-301F-11D3-BF4B-00C04F79EFBC}") = "OpenLife.Services.UserProfilesService", "OpenLife\Services\UserProfilesService\OpenLife.Services.UserProfilesService.csproj", "{7DC5A2EC-0000-0000-0000-000000000000}"
EndProject
Project("{FAE04EC0-301F-11D3-BF4B-00C04F79EFBC}") = "OpenLife.Tests", "OpenLife\Tests\OpenLife.Tests.csproj", "{68C71869-0000-0000-0000-000000000000}"
EndProject
Project("{FAE04EC0-301F-11D3-BF4B-00C04F79EFBC}") = "OpenLife.Tests.Clients.AssetClient", "OpenLife\Tests\Clients\Assets\OpenLife.Tests.Clients.AssetClient.csproj", "{C2AA24C0-0000-0000-0000-000000000000}"
EndProject
Project("{FAE04EC0-301F-11D3-BF4B-00C04F79EFBC}") = "OpenLife.Tests.Common", "OpenLife\Tests\Common\OpenLife.Tests.Common.csproj", "{8F712E22-0000-0000-0000-000000000000}"
EndProject
Project("{FAE04EC0-301F-11D3-BF4B-00C04F79EFBC}") = "OpenLife.Tests.Performance", "OpenLife\Tests\Performance\OpenLife.Tests.Performance.csproj", "{2D5F996F-0000-0000-0000-000000000000}"
EndProject
Project("{FAE04EC0-301F-11D3-BF4B-00C04F79EFBC}") = "OpenLife.Tests.Stress", "OpenLife\Tests\Stress\OpenLife.Tests.Stress.csproj", "{2BAE86AB-0000-0000-0000-000000000000}"
EndProject
Project("{FAE04EC0-301F-11D3-BF4B-00C04F79EFBC}") = "OpenLife.Tools.Configger", "OpenLife\Tools\Configger\OpenLife.Tools.Configger.csproj", "{5EE77D53-0000-0000-0000-000000000000}"
EndProject
Project("{FAE04EC0-301F-11D3-BF4B-00C04F79EFBC}") = "OpenLife.Tools.lslc", "OpenLife\Tools\Compiler\OpenLife.Tools.lslc.csproj", "{4CAB84F1-0000-0000-0000-000000000000}"
EndProject
Project("{FAE04EC0-301F-11D3-BF4B-00C04F79EFBC}") = "pCampBot", "OpenLife\Tools\pCampBot\pCampBot.csproj", "{AF52AEDC-0000-0000-0000-000000000000}"
EndProject
Project("{FAE04EC0-301F-11D3-BF4B-00C04F79EFBC}") = "Robust", "OpenLife\Server\Robust.csproj", "{6E64F01D-0000-0000-0000-000000000000}"
EndProject
Project("{FAE04EC0-301F-11D3-BF4B-00C04F79EFBC}") = "Robust.Tests", "OpenLife\Tests\Robust\Robust.Tests.csproj", "{D2E26E14-0000-0000-0000-000000000000}"
EndProject
Project("{FAE04EC0-301F-11D3-BF4B-00C04F79EFBC}") = "SmartThreadPool", "ThirdParty\SmartThreadPool\SmartThreadPool.csproj", "{8C618053-0000-0000-0000-000000000000}"
EndProject
Global
	GlobalSection(SolutionConfigurationPlatforms) = preSolution
		Debug|Any CPU = Debug|Any CPU
		Release|Any CPU = Release|Any CPU
	EndGlobalSection
	GlobalSection(ProjectConfigurationPlatforms) = postSolution
		{D7AD8558-0000-0000-0000-000000000000}.Debug|Any CPU.ActiveCfg = Debug|Any CPU
		{D7AD8558-0000-0000-0000-000000000000}.Debug|Any CPU.Build.0 = Debug|Any CPU
		{D7AD8558-0000-0000-0000-000000000000}.Release|Any CPU.ActiveCfg = Release|Any CPU
		{D7AD8558-0000-0000-0000-000000000000}.Release|Any CPU.Build.0 = Release|Any CPU
		{DD2CA8C9-0000-0000-0000-000000000000}.Debug|Any CPU.ActiveCfg = Debug|Any CPU
		{DD2CA8C9-0000-0000-0000-000000000000}.Debug|Any CPU.Build.0 = Debug|Any CPU
		{DD2CA8C9-0000-0000-0000-000000000000}.Release|Any CPU.ActiveCfg = Release|Any CPU
		{DD2CA8C9-0000-0000-0000-000000000000}.Release|Any CPU.Build.0 = Release|Any CPU
		{4FB40E36-0000-0000-0000-000000000000}.Debug|Any CPU.ActiveCfg = Debug|Any CPU
		{4FB40E36-0000-0000-0000-000000000000}.Debug|Any CPU.Build.0 = Debug|Any CPU
		{4FB40E36-0000-0000-0000-000000000000}.Release|Any CPU.ActiveCfg = Release|Any CPU
		{4FB40E36-0000-0000-0000-000000000000}.Release|Any CPU.Build.0 = Release|Any CPU
		{D495D60B-0000-0000-0000-000000000000}.Debug|Any CPU.ActiveCfg = Debug|Any CPU
		{D495D60B-0000-0000-0000-000000000000}.Debug|Any CPU.Build.0 = Debug|Any CPU
		{D495D60B-0000-0000-0000-000000000000}.Release|Any CPU.ActiveCfg = Release|Any CPU
		{D495D60B-0000-0000-0000-000000000000}.Release|Any CPU.Build.0 = Release|Any CPU
		{148C5A43-0000-0000-0000-000000000000}.Debug|Any CPU.ActiveCfg = Debug|Any CPU
		{148C5A43-0000-0000-0000-000000000000}.Debug|Any CPU.Build.0 = Debug|Any CPU
		{148C5A43-0000-0000-0000-000000000000}.Release|Any CPU.ActiveCfg = Release|Any CPU
		{148C5A43-0000-0000-0000-000000000000}.Release|Any CPU.Build.0 = Release|Any CPU
		{4C8E48D0-0000-0000-0000-000000000000}.Debug|Any CPU.ActiveCfg = Debug|Any CPU
		{4C8E48D0-0000-0000-0000-000000000000}.Debug|Any CPU.Build.0 = Debug|Any CPU
		{4C8E48D0-0000-0000-0000-000000000000}.Release|Any CPU.ActiveCfg = Release|Any CPU
		{4C8E48D0-0000-0000-0000-000000000000}.Release|Any CPU.Build.0 = Release|Any CPU
		{BEB730D8-0000-0000-0000-000000000000}.Debug|Any CPU.ActiveCfg = Debug|Any CPU
		{BEB730D8-0000-0000-0000-000000000000}.Debug|Any CPU.Build.0 = Debug|Any CPU
		{BEB730D8-0000-0000-0000-000000000000}.Release|Any CPU.ActiveCfg = Release|Any CPU
		{BEB730D8-0000-0000-0000-000000000000}.Release|Any CPU.Build.0 = Release|Any CPU
		{D11EEEE7-0000-0000-0000-000000000000}.Debug|Any CPU.ActiveCfg = Debug|Any CPU
		{D11EEEE7-0000-0000-0000-000000000000}.Debug|Any CPU.Build.0 = Debug|Any CPU
		{D11EEEE7-0000-0000-0000-000000000000}.Release|Any CPU.ActiveCfg = Release|Any CPU
		{D11EEEE7-0000-0000-0000-000000000000}.Release|Any CPU.Build.0 = Release|Any CPU
		{456BA930-0000-0000-0000-000000000000}.Debug|Any CPU.ActiveCfg = Debug|Any CPU
		{456BA930-0000-0000-0000-000000000000}.Debug|Any CPU.Build.0 = Debug|Any CPU
		{456BA930-0000-0000-0000-000000000000}.Release|Any CPU.ActiveCfg = Release|Any CPU
		{456BA930-0000-0000-0000-000000000000}.Release|Any CPU.Build.0 = Release|Any CPU
		{1392DA80-0000-0000-0000-000000000000}.Debug|Any CPU.ActiveCfg = Debug|Any CPU
		{1392DA80-0000-0000-0000-000000000000}.Debug|Any CPU.Build.0 = Debug|Any CPU
		{1392DA80-0000-0000-0000-000000000000}.Release|Any CPU.ActiveCfg = Release|Any CPU
		{1392DA80-0000-0000-0000-000000000000}.Release|Any CPU.Build.0 = Release|Any CPU
		{2E76BA0E-0000-0000-0000-000000000000}.Debug|Any CPU.ActiveCfg = Debug|Any CPU
		{2E76BA0E-0000-0000-0000-000000000000}.Debug|Any CPU.Build.0 = Debug|Any CPU
		{2E76BA0E-0000-0000-0000-000000000000}.Release|Any CPU.ActiveCfg = Release|Any CPU
		{2E76BA0E-0000-0000-0000-000000000000}.Release|Any CPU.Build.0 = Release|Any CPU
		{78BF9C7E-0000-0000-0000-000000000000}.Debug|Any CPU.ActiveCfg = Debug|Any CPU
		{78BF9C7E-0000-0000-0000-000000000000}.Debug|Any CPU.Build.0 = Debug|Any CPU
		{78BF9C7E-0000-0000-0000-000000000000}.Release|Any CPU.ActiveCfg = Release|Any CPU
		{78BF9C7E-0000-0000-0000-000000000000}.Release|Any CPU.Build.0 = Release|Any CPU
		{0CC98519-0000-0000-0000-000000000000}.Debug|Any CPU.ActiveCfg = Debug|Any CPU
		{0CC98519-0000-0000-0000-000000000000}.Debug|Any CPU.Build.0 = Debug|Any CPU
		{0CC98519-0000-0000-0000-000000000000}.Release|Any CPU.ActiveCfg = Release|Any CPU
		{0CC98519-0000-0000-0000-000000000000}.Release|Any CPU.Build.0 = Release|Any CPU
		{CC82319F-0000-0000-0000-000000000000}.Debug|Any CPU.ActiveCfg = Debug|Any CPU
		{CC82319F-0000-0000-0000-000000000000}.Debug|Any CPU.Build.0 = Debug|Any CPU
		{CC82319F-0000-0000-0000-000000000000}.Release|Any CPU.ActiveCfg = Release|Any CPU
		{CC82319F-0000-0000-0000-000000000000}.Release|Any CPU.Build.0 = Release|Any CPU
		{D7249BA4-0000-0000-0000-000000000000}.Debug|Any CPU.ActiveCfg = Debug|Any CPU
		{D7249BA4-0000-0000-0000-000000000000}.Debug|Any CPU.Build.0 = Debug|Any CPU
		{D7249BA4-0000-0000-0000-000000000000}.Release|Any CPU.ActiveCfg = Release|Any CPU
		{D7249BA4-0000-0000-0000-000000000000}.Release|Any CPU.Build.0 = Release|Any CPU
		{DA805737-0000-0000-0000-000000000000}.Debug|Any CPU.ActiveCfg = Debug|Any CPU
		{DA805737-0000-0000-0000-000000000000}.Debug|Any CPU.Build.0 = Debug|Any CPU
		{DA805737-0000-0000-0000-000000000000}.Release|Any CPU.ActiveCfg = Release|Any CPU
		{DA805737-0000-0000-0000-000000000000}.Release|Any CPU.Build.0 = Release|Any CPU
		{40276D46-0000-0000-0000-000000000000}.Debug|Any CPU.ActiveCfg = Debug|Any CPU
		{40276D46-0000-0000-0000-000000000000}.Debug|Any CPU.Build.0 = Debug|Any CPU
		{40276D46-0000-0000-0000-000000000000}.Release|Any CPU.ActiveCfg = Release|Any CPU
		{40276D46-0000-0000-0000-000000000000}.Release|Any CPU.Build.0 = Release|Any CPU
		{183C8B88-0000-0000-0000-000000000000}.Debug|Any CPU.ActiveCfg = Debug|Any CPU
		{183C8B88-0000-0000-0000-000000000000}.Debug|Any CPU.Build.0 = Debug|Any CPU
		{183C8B88-0000-0000-0000-000000000000}.Release|Any CPU.ActiveCfg = Release|Any CPU
		{183C8B88-0000-0000-0000-000000000000}.Release|Any CPU.Build.0 = Release|Any CPU
		{CFFBB83D-0000-0000-0000-000000000000}.Debug|Any CPU.ActiveCfg = Debug|Any CPU
		{CFFBB83D-0000-0000-0000-000000000000}.Debug|Any CPU.Build.0 = Debug|Any CPU
		{CFFBB83D-0000-0000-0000-000000000000}.Release|Any CPU.ActiveCfg = Release|Any CPU
		{CFFBB83D-0000-0000-0000-000000000000}.Release|Any CPU.Build.0 = Release|Any CPU
		{3E3C397A-0000-0000-0000-000000000000}.Debug|Any CPU.ActiveCfg = Debug|Any CPU
		{3E3C397A-0000-0000-0000-000000000000}.Debug|Any CPU.Build.0 = Debug|Any CPU
		{3E3C397A-0000-0000-0000-000000000000}.Release|Any CPU.ActiveCfg = Release|Any CPU
		{3E3C397A-0000-0000-0000-000000000000}.Release|Any CPU.Build.0 = Release|Any CPU
		{575E5CF4-0000-0000-0000-000000000000}.Debug|Any CPU.ActiveCfg = Debug|Any CPU
		{575E5CF4-0000-0000-0000-000000000000}.Debug|Any CPU.Build.0 = Debug|Any CPU
		{575E5CF4-0000-0000-0000-000000000000}.Release|Any CPU.ActiveCfg = Release|Any CPU
		{575E5CF4-0000-0000-0000-000000000000}.Release|Any CPU.Build.0 = Release|Any CPU
		{237E2413-0000-0000-0000-000000000000}.Debug|Any CPU.ActiveCfg = Debug|Any CPU
		{237E2413-0000-0000-0000-000000000000}.Debug|Any CPU.Build.0 = Debug|Any CPU
		{237E2413-0000-0000-0000-000000000000}.Release|Any CPU.ActiveCfg = Release|Any CPU
		{237E2413-0000-0000-0000-000000000000}.Release|Any CPU.Build.0 = Release|Any CPU
		{0BF6765C-0000-0000-0000-000000000000}.Debug|Any CPU.ActiveCfg = Debug|Any CPU
		{0BF6765C-0000-0000-0000-000000000000}.Debug|Any CPU.Build.0 = Debug|Any CPU
		{0BF6765C-0000-0000-0000-000000000000}.Release|Any CPU.ActiveCfg = Release|Any CPU
		{0BF6765C-0000-0000-0000-000000000000}.Release|Any CPU.Build.0 = Release|Any CPU
		{79866A2B-0000-0000-0000-000000000000}.Debug|Any CPU.ActiveCfg = Debug|Any CPU
		{79866A2B-0000-0000-0000-000000000000}.Debug|Any CPU.Build.0 = Debug|Any CPU
		{79866A2B-0000-0000-0000-000000000000}.Release|Any CPU.ActiveCfg = Release|Any CPU
		{79866A2B-0000-0000-0000-000000000000}.Release|Any CPU.Build.0 = Release|Any CPU
		{6F29BEDB-0000-0000-0000-000000000000}.Debug|Any CPU.ActiveCfg = Debug|Any CPU
		{6F29BEDB-0000-0000-0000-000000000000}.Debug|Any CPU.Build.0 = Debug|Any CPU
		{6F29BEDB-0000-0000-0000-000000000000}.Release|Any CPU.ActiveCfg = Release|Any CPU
		{6F29BEDB-0000-0000-0000-000000000000}.Release|Any CPU.Build.0 = Release|Any CPU
		{BE3D85E7-0000-0000-0000-000000000000}.Debug|Any CPU.ActiveCfg = Debug|Any CPU
		{BE3D85E7-0000-0000-0000-000000000000}.Debug|Any CPU.Build.0 = Debug|Any CPU
		{BE3D85E7-0000-0000-0000-000000000000}.Release|Any CPU.ActiveCfg = Release|Any CPU
		{BE3D85E7-0000-0000-0000-000000000000}.Release|Any CPU.Build.0 = Release|Any CPU
		{1BAEC28E-0000-0000-0000-000000000000}.Debug|Any CPU.ActiveCfg = Debug|Any CPU
		{1BAEC28E-0000-0000-0000-000000000000}.Debug|Any CPU.Build.0 = Debug|Any CPU
		{1BAEC28E-0000-0000-0000-000000000000}.Release|Any CPU.ActiveCfg = Release|Any CPU
		{1BAEC28E-0000-0000-0000-000000000000}.Release|Any CPU.Build.0 = Release|Any CPU
		{7D865969-0000-0000-0000-000000000000}.Debug|Any CPU.ActiveCfg = Debug|Any CPU
		{7D865969-0000-0000-0000-000000000000}.Debug|Any CPU.Build.0 = Debug|Any CPU
		{7D865969-0000-0000-0000-000000000000}.Release|Any CPU.ActiveCfg = Release|Any CPU
		{7D865969-0000-0000-0000-000000000000}.Release|Any CPU.Build.0 = Release|Any CPU
		{4452A336-0000-0000-0000-000000000000}.Debug|Any CPU.ActiveCfg = Debug|Any CPU
		{4452A336-0000-0000-0000-000000000000}.Debug|Any CPU.Build.0 = Debug|Any CPU
		{4452A336-0000-0000-0000-000000000000}.Release|Any CPU.ActiveCfg = Release|Any CPU
		{4452A336-0000-0000-0000-000000000000}.Release|Any CPU.Build.0 = Release|Any CPU
		{01A8517D-0000-0000-0000-000000000000}.Debug|Any CPU.ActiveCfg = Debug|Any CPU
		{01A8517D-0000-0000-0000-000000000000}.Debug|Any CPU.Build.0 = Debug|Any CPU
		{01A8517D-0000-0000-0000-000000000000}.Release|Any CPU.ActiveCfg = Release|Any CPU
		{01A8517D-0000-0000-0000-000000000000}.Release|Any CPU.Build.0 = Release|Any CPU
		{888067DC-0000-0000-0000-000000000000}.Debug|Any CPU.ActiveCfg = Debug|Any CPU
		{888067DC-0000-0000-0000-000000000000}.Debug|Any CPU.Build.0 = Debug|Any CPU
		{888067DC-0000-0000-0000-000000000000}.Release|Any CPU.ActiveCfg = Release|Any CPU
		{888067DC-0000-0000-0000-000000000000}.Release|Any CPU.Build.0 = Release|Any CPU
		{6FC010E7-0000-0000-0000-000000000000}.Debug|Any CPU.ActiveCfg = Debug|Any CPU
		{6FC010E7-0000-0000-0000-000000000000}.Debug|Any CPU.Build.0 = Debug|Any CPU
		{6FC010E7-0000-0000-0000-000000000000}.Release|Any CPU.ActiveCfg = Release|Any CPU
		{6FC010E7-0000-0000-0000-000000000000}.Release|Any CPU.Build.0 = Release|Any CPU
		{0295918C-0000-0000-0000-000000000000}.Debug|Any CPU.ActiveCfg = Debug|Any CPU
		{0295918C-0000-0000-0000-000000000000}.Debug|Any CPU.Build.0 = Debug|Any CPU
		{0295918C-0000-0000-0000-000000000000}.Release|Any CPU.ActiveCfg = Release|Any CPU
		{0295918C-0000-0000-0000-000000000000}.Release|Any CPU.Build.0 = Release|Any CPU
		{6A0DAA39-0000-0000-0000-000000000000}.Debug|Any CPU.ActiveCfg = Debug|Any CPU
		{6A0DAA39-0000-0000-0000-000000000000}.Debug|Any CPU.Build.0 = Debug|Any CPU
		{6A0DAA39-0000-0000-0000-000000000000}.Release|Any CPU.ActiveCfg = Release|Any CPU
		{6A0DAA39-0000-0000-0000-000000000000}.Release|Any CPU.Build.0 = Release|Any CPU
		{CF789A4D-0000-0000-0000-000000000000}.Debug|Any CPU.ActiveCfg = Debug|Any CPU
		{CF789A4D-0000-0000-0000-000000000000}.Debug|Any CPU.Build.0 = Debug|Any CPU
		{CF789A4D-0000-0000-0000-000000000000}.Release|Any CPU.ActiveCfg = Release|Any CPU
		{CF789A4D-0000-0000-0000-000000000000}.Release|Any CPU.Build.0 = Release|Any CPU
		{1171FC56-0000-0000-0000-000000000000}.Debug|Any CPU.ActiveCfg = Debug|Any CPU
		{1171FC56-0000-0000-0000-000000000000}.Debug|Any CPU.Build.0 = Debug|Any CPU
		{1171FC56-0000-0000-0000-000000000000}.Release|Any CPU.ActiveCfg = Release|Any CPU
		{1171FC56-0000-0000-0000-000000000000}.Release|Any CPU.Build.0 = Release|Any CPU
		{2DA69F26-0000-0000-0000-000000000000}.Debug|Any CPU.ActiveCfg = Debug|Any CPU
		{2DA69F26-0000-0000-0000-000000000000}.Debug|Any CPU.Build.0 = Debug|Any CPU
		{2DA69F26-0000-0000-0000-000000000000}.Release|Any CPU.ActiveCfg = Release|Any CPU
		{2DA69F26-0000-0000-0000-000000000000}.Release|Any CPU.Build.0 = Release|Any CPU
		{4B11A58E-0000-0000-0000-000000000000}.Debug|Any CPU.ActiveCfg = Debug|Any CPU
		{4B11A58E-0000-0000-0000-000000000000}.Debug|Any CPU.Build.0 = Debug|Any CPU
		{4B11A58E-0000-0000-0000-000000000000}.Release|Any CPU.ActiveCfg = Release|Any CPU
		{4B11A58E-0000-0000-0000-000000000000}.Release|Any CPU.Build.0 = Release|Any CPU
		{B49F2F73-0000-0000-0000-000000000000}.Debug|Any CPU.ActiveCfg = Debug|Any CPU
		{B49F2F73-0000-0000-0000-000000000000}.Debug|Any CPU.Build.0 = Debug|Any CPU
		{B49F2F73-0000-0000-0000-000000000000}.Release|Any CPU.ActiveCfg = Release|Any CPU
		{B49F2F73-0000-0000-0000-000000000000}.Release|Any CPU.Build.0 = Release|Any CPU
		{D6E85B54-0000-0000-0000-000000000000}.Debug|Any CPU.ActiveCfg = Debug|Any CPU
		{D6E85B54-0000-0000-0000-000000000000}.Debug|Any CPU.Build.0 = Debug|Any CPU
		{D6E85B54-0000-0000-0000-000000000000}.Release|Any CPU.ActiveCfg = Release|Any CPU
		{D6E85B54-0000-0000-0000-000000000000}.Release|Any CPU.Build.0 = Release|Any CPU
		{EBFC2C53-0000-0000-0000-000000000000}.Debug|Any CPU.ActiveCfg = Debug|Any CPU
		{EBFC2C53-0000-0000-0000-000000000000}.Debug|Any CPU.Build.0 = Debug|Any CPU
		{EBFC2C53-0000-0000-0000-000000000000}.Release|Any CPU.ActiveCfg = Release|Any CPU
		{EBFC2C53-0000-0000-0000-000000000000}.Release|Any CPU.Build.0 = Release|Any CPU
		{F2BE6512-0000-0000-0000-000000000000}.Debug|Any CPU.ActiveCfg = Debug|Any CPU
		{F2BE6512-0000-0000-0000-000000000000}.Debug|Any CPU.Build.0 = Debug|Any CPU
		{F2BE6512-0000-0000-0000-000000000000}.Release|Any CPU.ActiveCfg = Release|Any CPU
		{F2BE6512-0000-0000-0000-000000000000}.Release|Any CPU.Build.0 = Release|Any CPU
		{43B8BE81-0000-0000-0000-000000000000}.Debug|Any CPU.ActiveCfg = Debug|Any CPU
		{43B8BE81-0000-0000-0000-000000000000}.Debug|Any CPU.Build.0 = Debug|Any CPU
		{43B8BE81-0000-0000-0000-000000000000}.Release|Any CPU.ActiveCfg = Release|Any CPU
		{43B8BE81-0000-0000-0000-000000000000}.Release|Any CPU.Build.0 = Release|Any CPU
		{CEDB3448-0000-0000-0000-000000000000}.Debug|Any CPU.ActiveCfg = Debug|Any CPU
		{CEDB3448-0000-0000-0000-000000000000}.Debug|Any CPU.Build.0 = Debug|Any CPU
		{CEDB3448-0000-0000-0000-000000000000}.Release|Any CPU.ActiveCfg = Release|Any CPU
		{CEDB3448-0000-0000-0000-000000000000}.Release|Any CPU.Build.0 = Release|Any CPU
		{F5E47CF7-0000-0000-0000-000000000000}.Debug|Any CPU.ActiveCfg = Debug|Any CPU
		{F5E47CF7-0000-0000-0000-000000000000}.Debug|Any CPU.Build.0 = Debug|Any CPU
		{F5E47CF7-0000-0000-0000-000000000000}.Release|Any CPU.ActiveCfg = Release|Any CPU
		{F5E47CF7-0000-0000-0000-000000000000}.Release|Any CPU.Build.0 = Release|Any CPU
		{04CDEFF4-0000-0000-0000-000000000000}.Debug|Any CPU.ActiveCfg = Debug|Any CPU
		{04CDEFF4-0000-0000-0000-000000000000}.Debug|Any CPU.Build.0 = Debug|Any CPU
		{04CDEFF4-0000-0000-0000-000000000000}.Release|Any CPU.ActiveCfg = Release|Any CPU
		{04CDEFF4-0000-0000-0000-000000000000}.Release|Any CPU.Build.0 = Release|Any CPU
		{F7CC1A68-0000-0000-0000-000000000000}.Debug|Any CPU.ActiveCfg = Debug|Any CPU
		{F7CC1A68-0000-0000-0000-000000000000}.Debug|Any CPU.Build.0 = Debug|Any CPU
		{F7CC1A68-0000-0000-0000-000000000000}.Release|Any CPU.ActiveCfg = Release|Any CPU
		{F7CC1A68-0000-0000-0000-000000000000}.Release|Any CPU.Build.0 = Release|Any CPU
		{10F7018C-0000-0000-0000-000000000000}.Debug|Any CPU.ActiveCfg = Debug|Any CPU
		{10F7018C-0000-0000-0000-000000000000}.Debug|Any CPU.Build.0 = Debug|Any CPU
		{10F7018C-0000-0000-0000-000000000000}.Release|Any CPU.ActiveCfg = Release|Any CPU
		{10F7018C-0000-0000-0000-000000000000}.Release|Any CPU.Build.0 = Release|Any CPU
		{E367A81A-0000-0000-0000-000000000000}.Debug|Any CPU.ActiveCfg = Debug|Any CPU
		{E367A81A-0000-0000-0000-000000000000}.Debug|Any CPU.Build.0 = Debug|Any CPU
		{E367A81A-0000-0000-0000-000000000000}.Release|Any CPU.ActiveCfg = Release|Any CPU
		{E367A81A-0000-0000-0000-000000000000}.Release|Any CPU.Build.0 = Release|Any CPU
		{49D79DA0-0000-0000-0000-000000000000}.Debug|Any CPU.ActiveCfg = Debug|Any CPU
		{49D79DA0-0000-0000-0000-000000000000}.Debug|Any CPU.Build.0 = Debug|Any CPU
		{49D79DA0-0000-0000-0000-000000000000}.Release|Any CPU.ActiveCfg = Release|Any CPU
		{49D79DA0-0000-0000-0000-000000000000}.Release|Any CPU.Build.0 = Release|Any CPU
		{DA45A8B6-0000-0000-0000-000000000000}.Debug|Any CPU.ActiveCfg = Debug|Any CPU
		{DA45A8B6-0000-0000-0000-000000000000}.Debug|Any CPU.Build.0 = Debug|Any CPU
		{DA45A8B6-0000-0000-0000-000000000000}.Release|Any CPU.ActiveCfg = Release|Any CPU
		{DA45A8B6-0000-0000-0000-000000000000}.Release|Any CPU.Build.0 = Release|Any CPU
		{5C309ECF-0000-0000-0000-000000000000}.Debug|Any CPU.ActiveCfg = Debug|Any CPU
		{5C309ECF-0000-0000-0000-000000000000}.Debug|Any CPU.Build.0 = Debug|Any CPU
		{5C309ECF-0000-0000-0000-000000000000}.Release|Any CPU.ActiveCfg = Release|Any CPU
		{5C309ECF-0000-0000-0000-000000000000}.Release|Any CPU.Build.0 = Release|Any CPU
		{293E8002-0000-0000-0000-000000000000}.Debug|Any CPU.ActiveCfg = Debug|Any CPU
		{293E8002-0000-0000-0000-000000000000}.Debug|Any CPU.Build.0 = Debug|Any CPU
		{293E8002-0000-0000-0000-000000000000}.Release|Any CPU.ActiveCfg = Release|Any CPU
		{293E8002-0000-0000-0000-000000000000}.Release|Any CPU.Build.0 = Release|Any CPU
		{667F48EF-0000-0000-0000-000000000000}.Debug|Any CPU.ActiveCfg = Debug|Any CPU
		{667F48EF-0000-0000-0000-000000000000}.Debug|Any CPU.Build.0 = Debug|Any CPU
		{667F48EF-0000-0000-0000-000000000000}.Release|Any CPU.ActiveCfg = Release|Any CPU
		{667F48EF-0000-0000-0000-000000000000}.Release|Any CPU.Build.0 = Release|Any CPU
		{CAA22B1B-0000-0000-0000-000000000000}.Debug|Any CPU.ActiveCfg = Debug|Any CPU
		{CAA22B1B-0000-0000-0000-000000000000}.Debug|Any CPU.Build.0 = Debug|Any CPU
		{CAA22B1B-0000-0000-0000-000000000000}.Release|Any CPU.ActiveCfg = Release|Any CPU
		{CAA22B1B-0000-0000-0000-000000000000}.Release|Any CPU.Build.0 = Release|Any CPU
		{0898FD58-0000-0000-0000-000000000000}.Debug|Any CPU.ActiveCfg = Debug|Any CPU
		{0898FD58-0000-0000-0000-000000000000}.Debug|Any CPU.Build.0 = Debug|Any CPU
		{0898FD58-0000-0000-0000-000000000000}.Release|Any CPU.ActiveCfg = Release|Any CPU
		{0898FD58-0000-0000-0000-000000000000}.Release|Any CPU.Build.0 = Release|Any CPU
		{B2597D18-0000-0000-0000-000000000000}.Debug|Any CPU.ActiveCfg = Debug|Any CPU
		{B2597D18-0000-0000-0000-000000000000}.Debug|Any CPU.Build.0 = Debug|Any CPU
		{B2597D18-0000-0000-0000-000000000000}.Release|Any CPU.ActiveCfg = Release|Any CPU
		{B2597D18-0000-0000-0000-000000000000}.Release|Any CPU.Build.0 = Release|Any CPU
		{BF451E2F-0000-0000-0000-000000000000}.Debug|Any CPU.ActiveCfg = Debug|Any CPU
		{BF451E2F-0000-0000-0000-000000000000}.Debug|Any CPU.Build.0 = Debug|Any CPU
		{BF451E2F-0000-0000-0000-000000000000}.Release|Any CPU.ActiveCfg = Release|Any CPU
		{BF451E2F-0000-0000-0000-000000000000}.Release|Any CPU.Build.0 = Release|Any CPU
		{5244DC09-0000-0000-0000-000000000000}.Debug|Any CPU.ActiveCfg = Debug|Any CPU
		{5244DC09-0000-0000-0000-000000000000}.Debug|Any CPU.Build.0 = Debug|Any CPU
		{5244DC09-0000-0000-0000-000000000000}.Release|Any CPU.ActiveCfg = Release|Any CPU
		{5244DC09-0000-0000-0000-000000000000}.Release|Any CPU.Build.0 = Release|Any CPU
		{9C4EE971-0000-0000-0000-000000000000}.Debug|Any CPU.ActiveCfg = Debug|Any CPU
		{9C4EE971-0000-0000-0000-000000000000}.Debug|Any CPU.Build.0 = Debug|Any CPU
		{9C4EE971-0000-0000-0000-000000000000}.Release|Any CPU.ActiveCfg = Release|Any CPU
		{9C4EE971-0000-0000-0000-000000000000}.Release|Any CPU.Build.0 = Release|Any CPU
		{DEE55160-0000-0000-0000-000000000000}.Debug|Any CPU.ActiveCfg = Debug|Any CPU
		{DEE55160-0000-0000-0000-000000000000}.Debug|Any CPU.Build.0 = Debug|Any CPU
		{DEE55160-0000-0000-0000-000000000000}.Release|Any CPU.ActiveCfg = Release|Any CPU
		{DEE55160-0000-0000-0000-000000000000}.Release|Any CPU.Build.0 = Release|Any CPU
		{AD4C6DA8-0000-0000-0000-000000000000}.Debug|Any CPU.ActiveCfg = Debug|Any CPU
		{AD4C6DA8-0000-0000-0000-000000000000}.Debug|Any CPU.Build.0 = Debug|Any CPU
		{AD4C6DA8-0000-0000-0000-000000000000}.Release|Any CPU.ActiveCfg = Release|Any CPU
		{AD4C6DA8-0000-0000-0000-000000000000}.Release|Any CPU.Build.0 = Release|Any CPU
		{482CA269-0000-0000-0000-000000000000}.Debug|Any CPU.ActiveCfg = Debug|Any CPU
		{482CA269-0000-0000-0000-000000000000}.Debug|Any CPU.Build.0 = Debug|Any CPU
		{482CA269-0000-0000-0000-000000000000}.Release|Any CPU.ActiveCfg = Release|Any CPU
		{482CA269-0000-0000-0000-000000000000}.Release|Any CPU.Build.0 = Release|Any CPU
		{FE5080F8-0000-0000-0000-000000000000}.Debug|Any CPU.ActiveCfg = Debug|Any CPU
		{FE5080F8-0000-0000-0000-000000000000}.Debug|Any CPU.Build.0 = Debug|Any CPU
		{FE5080F8-0000-0000-0000-000000000000}.Release|Any CPU.ActiveCfg = Release|Any CPU
		{FE5080F8-0000-0000-0000-000000000000}.Release|Any CPU.Build.0 = Release|Any CPU
		{018901DF-0000-0000-0000-000000000000}.Debug|Any CPU.ActiveCfg = Debug|Any CPU
		{018901DF-0000-0000-0000-000000000000}.Debug|Any CPU.Build.0 = Debug|Any CPU
		{018901DF-0000-0000-0000-000000000000}.Release|Any CPU.ActiveCfg = Release|Any CPU
		{018901DF-0000-0000-0000-000000000000}.Release|Any CPU.Build.0 = Release|Any CPU
		{CE694F97-0000-0000-0000-000000000000}.Debug|Any CPU.ActiveCfg = Debug|Any CPU
		{CE694F97-0000-0000-0000-000000000000}.Debug|Any CPU.Build.0 = Debug|Any CPU
		{CE694F97-0000-0000-0000-000000000000}.Release|Any CPU.ActiveCfg = Release|Any CPU
		{CE694F97-0000-0000-0000-000000000000}.Release|Any CPU.Build.0 = Release|Any CPU
		{3B88D61C-0000-0000-0000-000000000000}.Debug|Any CPU.ActiveCfg = Debug|Any CPU
		{3B88D61C-0000-0000-0000-000000000000}.Debug|Any CPU.Build.0 = Debug|Any CPU
		{3B88D61C-0000-0000-0000-000000000000}.Release|Any CPU.ActiveCfg = Release|Any CPU
		{3B88D61C-0000-0000-0000-000000000000}.Release|Any CPU.Build.0 = Release|Any CPU
		{972ADD24-0000-0000-0000-000000000000}.Debug|Any CPU.ActiveCfg = Debug|Any CPU
		{972ADD24-0000-0000-0000-000000000000}.Debug|Any CPU.Build.0 = Debug|Any CPU
		{972ADD24-0000-0000-0000-000000000000}.Release|Any CPU.ActiveCfg = Release|Any CPU
		{972ADD24-0000-0000-0000-000000000000}.Release|Any CPU.Build.0 = Release|Any CPU
		{86EE8E25-0000-0000-0000-000000000000}.Debug|Any CPU.ActiveCfg = Debug|Any CPU
		{86EE8E25-0000-0000-0000-000000000000}.Debug|Any CPU.Build.0 = Debug|Any CPU
		{86EE8E25-0000-0000-0000-000000000000}.Release|Any CPU.ActiveCfg = Release|Any CPU
		{86EE8E25-0000-0000-0000-000000000000}.Release|Any CPU.Build.0 = Release|Any CPU
		{7390165B-0000-0000-0000-000000000000}.Debug|Any CPU.ActiveCfg = Debug|Any CPU
		{7390165B-0000-0000-0000-000000000000}.Debug|Any CPU.Build.0 = Debug|Any CPU
		{7390165B-0000-0000-0000-000000000000}.Release|Any CPU.ActiveCfg = Release|Any CPU
		{7390165B-0000-0000-0000-000000000000}.Release|Any CPU.Build.0 = Release|Any CPU
		{F3BB9750-0000-0000-0000-000000000000}.Debug|Any CPU.ActiveCfg = Debug|Any CPU
		{F3BB9750-0000-0000-0000-000000000000}.Debug|Any CPU.Build.0 = Debug|Any CPU
		{F3BB9750-0000-0000-0000-000000000000}.Release|Any CPU.ActiveCfg = Release|Any CPU
		{F3BB9750-0000-0000-0000-000000000000}.Release|Any CPU.Build.0 = Release|Any CPU
		{C993F743-0000-0000-0000-000000000000}.Debug|Any CPU.ActiveCfg = Debug|Any CPU
		{C993F743-0000-0000-0000-000000000000}.Debug|Any CPU.Build.0 = Debug|Any CPU
		{C993F743-0000-0000-0000-000000000000}.Release|Any CPU.ActiveCfg = Release|Any CPU
		{C993F743-0000-0000-0000-000000000000}.Release|Any CPU.Build.0 = Release|Any CPU
		{AB93A680-0000-0000-0000-000000000000}.Debug|Any CPU.ActiveCfg = Debug|Any CPU
		{AB93A680-0000-0000-0000-000000000000}.Debug|Any CPU.Build.0 = Debug|Any CPU
		{AB93A680-0000-0000-0000-000000000000}.Release|Any CPU.ActiveCfg = Release|Any CPU
		{AB93A680-0000-0000-0000-000000000000}.Release|Any CPU.Build.0 = Release|Any CPU
		{031253F0-0000-0000-0000-000000000000}.Debug|Any CPU.ActiveCfg = Debug|Any CPU
		{031253F0-0000-0000-0000-000000000000}.Debug|Any CPU.Build.0 = Debug|Any CPU
		{031253F0-0000-0000-0000-000000000000}.Release|Any CPU.ActiveCfg = Release|Any CPU
		{031253F0-0000-0000-0000-000000000000}.Release|Any CPU.Build.0 = Release|Any CPU
		{70A4AC3A-0000-0000-0000-000000000000}.Debug|Any CPU.ActiveCfg = Debug|Any CPU
		{70A4AC3A-0000-0000-0000-000000000000}.Debug|Any CPU.Build.0 = Debug|Any CPU
		{70A4AC3A-0000-0000-0000-000000000000}.Release|Any CPU.ActiveCfg = Release|Any CPU
		{70A4AC3A-0000-0000-0000-000000000000}.Release|Any CPU.Build.0 = Release|Any CPU
		{D95B809C-0000-0000-0000-000000000000}.Debug|Any CPU.ActiveCfg = Debug|Any CPU
		{D95B809C-0000-0000-0000-000000000000}.Debug|Any CPU.Build.0 = Debug|Any CPU
		{D95B809C-0000-0000-0000-000000000000}.Release|Any CPU.ActiveCfg = Release|Any CPU
		{D95B809C-0000-0000-0000-000000000000}.Release|Any CPU.Build.0 = Release|Any CPU
		{7ED00BA2-0000-0000-0000-000000000000}.Debug|Any CPU.ActiveCfg = Debug|Any CPU
		{7ED00BA2-0000-0000-0000-000000000000}.Debug|Any CPU.Build.0 = Debug|Any CPU
		{7ED00BA2-0000-0000-0000-000000000000}.Release|Any CPU.ActiveCfg = Release|Any CPU
		{7ED00BA2-0000-0000-0000-000000000000}.Release|Any CPU.Build.0 = Release|Any CPU
		{118B4C4D-0000-0000-0000-000000000000}.Debug|Any CPU.ActiveCfg = Debug|Any CPU
		{118B4C4D-0000-0000-0000-000000000000}.Debug|Any CPU.Build.0 = Debug|Any CPU
		{118B4C4D-0000-0000-0000-000000000000}.Release|Any CPU.ActiveCfg = Release|Any CPU
		{118B4C4D-0000-0000-0000-000000000000}.Release|Any CPU.Build.0 = Release|Any CPU
		{7DC5A2EC-0000-0000-0000-000000000000}.Debug|Any CPU.ActiveCfg = Debug|Any CPU
		{7DC5A2EC-0000-0000-0000-000000000000}.Debug|Any CPU.Build.0 = Debug|Any CPU
		{7DC5A2EC-0000-0000-0000-000000000000}.Release|Any CPU.ActiveCfg = Release|Any CPU
		{7DC5A2EC-0000-0000-0000-000000000000}.Release|Any CPU.Build.0 = Release|Any CPU
		{68C71869-0000-0000-0000-000000000000}.Debug|Any CPU.ActiveCfg = Debug|Any CPU
		{68C71869-0000-0000-0000-000000000000}.Debug|Any CPU.Build.0 = Debug|Any CPU
		{68C71869-0000-0000-0000-000000000000}.Release|Any CPU.ActiveCfg = Release|Any CPU
		{68C71869-0000-0000-0000-000000000000}.Release|Any CPU.Build.0 = Release|Any CPU
		{C2AA24C0-0000-0000-0000-000000000000}.Debug|Any CPU.ActiveCfg = Debug|Any CPU
		{C2AA24C0-0000-0000-0000-000000000000}.Debug|Any CPU.Build.0 = Debug|Any CPU
		{C2AA24C0-0000-0000-0000-000000000000}.Release|Any CPU.ActiveCfg = Release|Any CPU
		{C2AA24C0-0000-0000-0000-000000000000}.Release|Any CPU.Build.0 = Release|Any CPU
		{8F712E22-0000-0000-0000-000000000000}.Debug|Any CPU.ActiveCfg = Debug|Any CPU
		{8F712E22-0000-0000-0000-000000000000}.Debug|Any CPU.Build.0 = Debug|Any CPU
		{8F712E22-0000-0000-0000-000000000000}.Release|Any CPU.ActiveCfg = Release|Any CPU
		{8F712E22-0000-0000-0000-000000000000}.Release|Any CPU.Build.0 = Release|Any CPU
		{2D5F996F-0000-0000-0000-000000000000}.Debug|Any CPU.ActiveCfg = Debug|Any CPU
		{2D5F996F-0000-0000-0000-000000000000}.Debug|Any CPU.Build.0 = Debug|Any CPU
		{2D5F996F-0000-0000-0000-000000000000}.Release|Any CPU.ActiveCfg = Release|Any CPU
		{2D5F996F-0000-0000-0000-000000000000}.Release|Any CPU.Build.0 = Release|Any CPU
		{2BAE86AB-0000-0000-0000-000000000000}.Debug|Any CPU.ActiveCfg = Debug|Any CPU
		{2BAE86AB-0000-0000-0000-000000000000}.Debug|Any CPU.Build.0 = Debug|Any CPU
		{2BAE86AB-0000-0000-0000-000000000000}.Release|Any CPU.ActiveCfg = Release|Any CPU
		{2BAE86AB-0000-0000-0000-000000000000}.Release|Any CPU.Build.0 = Release|Any CPU
		{5EE77D53-0000-0000-0000-000000000000}.Debug|Any CPU.ActiveCfg = Debug|Any CPU
		{5EE77D53-0000-0000-0000-000000000000}.Debug|Any CPU.Build.0 = Debug|Any CPU
		{5EE77D53-0000-0000-0000-000000000000}.Release|Any CPU.ActiveCfg = Release|Any CPU
		{5EE77D53-0000-0000-0000-000000000000}.Release|Any CPU.Build.0 = Release|Any CPU
		{4CAB84F1-0000-0000-0000-000000000000}.Debug|Any CPU.ActiveCfg = Debug|Any CPU
		{4CAB84F1-0000-0000-0000-000000000000}.Debug|Any CPU.Build.0 = Debug|Any CPU
		{4CAB84F1-0000-0000-0000-000000000000}.Release|Any CPU.ActiveCfg = Release|Any CPU
		{4CAB84F1-0000-0000-0000-000000000000}.Release|Any CPU.Build.0 = Release|Any CPU
		{AF52AEDC-0000-0000-0000-000000000000}.Debug|Any CPU.ActiveCfg = Debug|Any CPU
		{AF52AEDC-0000-0000-0000-000000000000}.Debug|Any CPU.Build.0 = Debug|Any CPU
		{AF52AEDC-0000-0000-0000-000000000000}.Release|Any CPU.ActiveCfg = Release|Any CPU
		{AF52AEDC-0000-0000-0000-000000000000}.Release|Any CPU.Build.0 = Release|Any CPU
		{6E64F01D-0000-0000-0000-000000000000}.Debug|Any CPU.ActiveCfg = Debug|Any CPU
		{6E64F01D-0000-0000-0000-000000000000}.Debug|Any CPU.Build.0 = Debug|Any CPU
		{6E64F01D-0000-0000-0000-000000000000}.Release|Any CPU.ActiveCfg = Release|Any CPU
		{6E64F01D-0000-0000-0000-000000000000}.Release|Any CPU.Build.0 = Release|Any CPU
		{D2E26E14-0000-0000-0000-000000000000}.Debug|Any CPU.ActiveCfg = Debug|Any CPU
		{D2E26E14-0000-0000-0000-000000000000}.Debug|Any CPU.Build.0 = Debug|Any CPU
		{D2E26E14-0000-0000-0000-000000000000}.Release|Any CPU.ActiveCfg = Release|Any CPU
		{D2E26E14-0000-0000-0000-000000000000}.Release|Any CPU.Build.0 = Release|Any CPU
		{8C618053-0000-0000-0000-000000000000}.Debug|Any CPU.ActiveCfg = Debug|Any CPU
		{8C618053-0000-0000-0000-000000000000}.Debug|Any CPU.Build.0 = Debug|Any CPU
		{8C618053-0000-0000-0000-000000000000}.Release|Any CPU.ActiveCfg = Release|Any CPU
		{8C618053-0000-0000-0000-000000000000}.Release|Any CPU.Build.0 = Release|Any CPU
	EndGlobalSection
EndGlobal
